
Microsoft Visual Studio Solution File, Format Version 12.00
# Visual Studio Version 17
VisualStudioVersion = 17.7.34009.444
MinimumVisualStudioVersion = 10.0.40219.1
Project("{FAE04EC0-301F-11D3-BF4B-00C04F79EFBC}") = "Calculadora(Pila)", "Calculadora(Pila)\Calculadora(Pila).csproj", "{1E7996E7-7EA6-49FD-818D-DADA5A7C7EB9}"
EndProject
Global
	GlobalSection(SolutionConfigurationPlatforms) = preSolution
		Debug|Any CPU = Debug|Any CPU
		Release|Any CPU = Release|Any CPU
	EndGlobalSection
	GlobalSection(ProjectConfigurationPlatforms) = postSolution
		{1E7996E7-7EA6-49FD-818D-DADA5A7C7EB9}.Debug|Any CPU.ActiveCfg = Debug|Any CPU
		{1E7996E7-7EA6-49FD-818D-DADA5A7C7EB9}.Debug|Any CPU.Build.0 = Debug|Any CPU
		{1E7996E7-7EA6-49FD-818D-DADA5A7C7EB9}.Release|Any CPU.ActiveCfg = Release|Any CPU
		{1E7996E7-7EA6-49FD-818D-DADA5A7C7EB9}.Release|Any CPU.Build.0 = Release|Any CPU
	EndGlobalSection
	GlobalSection(SolutionProperties) = preSolution
		HideSolutionNode = FALSE
	EndGlobalSection
	GlobalSection(ExtensibilityGlobals) = postSolution
		SolutionGuid = {36903B45-B2D7-475B-965D-8238832F658B}
	EndGlobalSection
EndGlobal
